
Microsoft Visual Studio Solution File, Format Version 12.00
# Visual Studio Version 17
VisualStudioVersion = 17.14.36310.24 d17.14
MinimumVisualStudioVersion = 10.0.40219.1
Project("{FAE04EC0-301F-11D3-BF4B-00C04F79EFBC}") = "OopsConcept", "OopsConcept\OopsConcept.csproj", "{6278D8C4-7E8D-4C71-AB3F-EC0F1A160B7C}"
EndProject
Global
	GlobalSection(SolutionConfigurationPlatforms) = preSolution
		Debug|Any CPU = Debug|Any CPU
		Release|Any CPU = Release|Any CPU
	EndGlobalSection
	GlobalSection(ProjectConfigurationPlatforms) = postSolution
		{6278D8C4-7E8D-4C71-AB3F-EC0F1A160B7C}.Debug|Any CPU.ActiveCfg = Debug|Any CPU
		{6278D8C4-7E8D-4C71-AB3F-EC0F1A160B7C}.Debug|Any CPU.Build.0 = Debug|Any CPU
		{6278D8C4-7E8D-4C71-AB3F-EC0F1A160B7C}.Release|Any CPU.ActiveCfg = Release|Any CPU
		{6278D8C4-7E8D-4C71-AB3F-EC0F1A160B7C}.Release|Any CPU.Build.0 = Release|Any CPU
	EndGlobalSection
	GlobalSection(SolutionProperties) = preSolution
		HideSolutionNode = FALSE
	EndGlobalSection
	GlobalSection(ExtensibilityGlobals) = postSolution
		SolutionGuid = {3B2D5CE0-C9AB-447E-88FF-1F862DCF104D}
	EndGlobalSection
EndGlobal
